
Microsoft Visual Studio Solution File, Format Version 12.00
# Visual Studio Version 17
VisualStudioVersion = 17.4.33205.214
MinimumVisualStudioVersion = 10.0.40219.1
Project("{FAE04EC0-301F-11D3-BF4B-00C04F79EFBC}") = "Practica_MVVM", "Practica_MVVM\Practica_MVVM.csproj", "{86714C6C-351E-41A5-A7F6-62C1F5551984}"
EndProject
Global
	GlobalSection(SolutionConfigurationPlatforms) = preSolution
		Debug|Any CPU = Debug|Any CPU
		Release|Any CPU = Release|Any CPU
	EndGlobalSection
	GlobalSection(ProjectConfigurationPlatforms) = postSolution
		{86714C6C-351E-41A5-A7F6-62C1F5551984}.Debug|Any CPU.ActiveCfg = Debug|Any CPU
		{86714C6C-351E-41A5-A7F6-62C1F5551984}.Debug|Any CPU.Build.0 = Debug|Any CPU
		{86714C6C-351E-41A5-A7F6-62C1F5551984}.Release|Any CPU.ActiveCfg = Release|Any CPU
		{86714C6C-351E-41A5-A7F6-62C1F5551984}.Release|Any CPU.Build.0 = Release|Any CPU
	EndGlobalSection
	GlobalSection(SolutionProperties) = preSolution
		HideSolutionNode = FALSE
	EndGlobalSection
	GlobalSection(ExtensibilityGlobals) = postSolution
		SolutionGuid = {904D6074-F85F-4361-9740-8FC63C10EAC0}
	EndGlobalSection
EndGlobal
